// !$*UTF8*$!
{
	archiveVersion = 1;
	classes = {
	};
	objectVersion = 46;
	objects = {

/* Begin PBXBuildFile section */
		36783C9929C79023ABE6D67D /* Pods_The_Movies_DB.framework in Frameworks */ = {isa = PBXBuildFile; fileRef = 8FC9D868226D295EAB0BFFFD /* Pods_The_Movies_DB.framework */; };
		ABD836081FAD1902005788C7 /* AppDelegate.swift in Sources */ = {isa = PBXBuildFile; fileRef = ABD836071FAD1902005788C7 /* AppDelegate.swift */; };
		ABD8360D1FAD1902005788C7 /* Main.storyboard in Resources */ = {isa = PBXBuildFile; fileRef = ABD8360B1FAD1902005788C7 /* Main.storyboard */; };
		ABD8360F1FAD1902005788C7 /* Assets.xcassets in Resources */ = {isa = PBXBuildFile; fileRef = ABD8360E1FAD1902005788C7 /* Assets.xcassets */; };
		ABD836121FAD1902005788C7 /* LaunchScreen.storyboard in Resources */ = {isa = PBXBuildFile; fileRef = ABD836101FAD1902005788C7 /* LaunchScreen.storyboard */; };
		ABD836231FAD1C31005788C7 /* HomeViewController.swift in Sources */ = {isa = PBXBuildFile; fileRef = ABD836221FAD1C31005788C7 /* HomeViewController.swift */; };
		ABD836261FAD2371005788C7 /* Constants.swift in Sources */ = {isa = PBXBuildFile; fileRef = ABD836251FAD2371005788C7 /* Constants.swift */; };
		ABD8362B1FAD23EE005788C7 /* Reachability.m in Sources */ = {isa = PBXBuildFile; fileRef = ABD8362A1FAD23EE005788C7 /* Reachability.m */; };
		ABD836761FAD24EB005788C7 /* DGActivityIndicatorAnimation.m in Sources */ = {isa = PBXBuildFile; fileRef = ABD8362E1FAD24EA005788C7 /* DGActivityIndicatorAnimation.m */; };
		ABD836771FAD24EB005788C7 /* DGActivityIndicatorBallBeatAnimation.m in Sources */ = {isa = PBXBuildFile; fileRef = ABD836311FAD24EA005788C7 /* DGActivityIndicatorBallBeatAnimation.m */; };
		ABD836781FAD24EB005788C7 /* DGActivityIndicatorBallClipRotateAnimation.m in Sources */ = {isa = PBXBuildFile; fileRef = ABD836331FAD24EA005788C7 /* DGActivityIndicatorBallClipRotateAnimation.m */; };
		ABD836791FAD24EB005788C7 /* DGActivityIndicatorBallClipRotateMultipleAnimation.m in Sources */ = {isa = PBXBuildFile; fileRef = ABD836351FAD24EA005788C7 /* DGActivityIndicatorBallClipRotateMultipleAnimation.m */; };
		ABD8367A1FAD24EB005788C7 /* DGActivityIndicatorBallClipRotatePulseAnimation.m in Sources */ = {isa = PBXBuildFile; fileRef = ABD836371FAD24EA005788C7 /* DGActivityIndicatorBallClipRotatePulseAnimation.m */; };
		ABD8367B1FAD24EB005788C7 /* DGActivityIndicatorBallGridBeatAnimation.m in Sources */ = {isa = PBXBuildFile; fileRef = ABD836391FAD24EA005788C7 /* DGActivityIndicatorBallGridBeatAnimation.m */; };
		ABD8367C1FAD24EB005788C7 /* DGActivityIndicatorBallGridPulseAnimation.m in Sources */ = {isa = PBXBuildFile; fileRef = ABD8363B1FAD24EA005788C7 /* DGActivityIndicatorBallGridPulseAnimation.m */; };
		ABD8367D1FAD24EB005788C7 /* DGActivityIndicatorBallPulseAnimation.m in Sources */ = {isa = PBXBuildFile; fileRef = ABD8363D1FAD24EA005788C7 /* DGActivityIndicatorBallPulseAnimation.m */; };
		ABD8367E1FAD24EB005788C7 /* DGActivityIndicatorBallPulseSyncAnimation.m in Sources */ = {isa = PBXBuildFile; fileRef = ABD8363F1FAD24EA005788C7 /* DGActivityIndicatorBallPulseSyncAnimation.m */; };
		ABD8367F1FAD24EB005788C7 /* DGActivityIndicatorBallRotateAnimation.m in Sources */ = {isa = PBXBuildFile; fileRef = ABD836411FAD24EA005788C7 /* DGActivityIndicatorBallRotateAnimation.m */; };
		ABD836801FAD24EB005788C7 /* DGActivityIndicatorBallScaleAnimation.m in Sources */ = {isa = PBXBuildFile; fileRef = ABD836431FAD24EA005788C7 /* DGActivityIndicatorBallScaleAnimation.m */; };
		ABD836811FAD24EB005788C7 /* DGActivityIndicatorBallScaleMultipleAnimation.m in Sources */ = {isa = PBXBuildFile; fileRef = ABD836451FAD24EA005788C7 /* DGActivityIndicatorBallScaleMultipleAnimation.m */; };
		ABD836821FAD24EB005788C7 /* DGActivityIndicatorBallScaleRippleAnimation.m in Sources */ = {isa = PBXBuildFile; fileRef = ABD836471FAD24EA005788C7 /* DGActivityIndicatorBallScaleRippleAnimation.m */; };
		ABD836831FAD24EB005788C7 /* DGActivityIndicatorBallScaleRippleMultipleAnimation.m in Sources */ = {isa = PBXBuildFile; fileRef = ABD836491FAD24EA005788C7 /* DGActivityIndicatorBallScaleRippleMultipleAnimation.m */; };
		ABD836841FAD24EB005788C7 /* DGActivityIndicatorBallSpinFadeLoader.m in Sources */ = {isa = PBXBuildFile; fileRef = ABD8364B1FAD24EA005788C7 /* DGActivityIndicatorBallSpinFadeLoader.m */; };
		ABD836851FAD24EB005788C7 /* DGActivityIndicatorBallTrianglePathAnimation.m in Sources */ = {isa = PBXBuildFile; fileRef = ABD8364D1FAD24EA005788C7 /* DGActivityIndicatorBallTrianglePathAnimation.m */; };
		ABD836861FAD24EB005788C7 /* DGActivityIndicatorBallZigZagAnimation.m in Sources */ = {isa = PBXBuildFile; fileRef = ABD8364F1FAD24EA005788C7 /* DGActivityIndicatorBallZigZagAnimation.m */; };
		ABD836871FAD24EB005788C7 /* DGActivityIndicatorBallZigZagDeflectAnimation.m in Sources */ = {isa = PBXBuildFile; fileRef = ABD836511FAD24EA005788C7 /* DGActivityIndicatorBallZigZagDeflectAnimation.m */; };
		ABD836881FAD24EB005788C7 /* DGActivityIndicatorCookieTerminatorAnimation.m in Sources */ = {isa = PBXBuildFile; fileRef = ABD836531FAD24EA005788C7 /* DGActivityIndicatorCookieTerminatorAnimation.m */; };
		ABD836891FAD24EB005788C7 /* DGActivityIndicatorDoubleBounceAnimation.m in Sources */ = {isa = PBXBuildFile; fileRef = ABD836551FAD24EA005788C7 /* DGActivityIndicatorDoubleBounceAnimation.m */; };
		ABD8368A1FAD24EB005788C7 /* DGActivityIndicatorFiveDotsAnimation.m in Sources */ = {isa = PBXBuildFile; fileRef = ABD836571FAD24EA005788C7 /* DGActivityIndicatorFiveDotsAnimation.m */; };
		ABD8368B1FAD24EB005788C7 /* DGActivityIndicatorLineScaleAnimation.m in Sources */ = {isa = PBXBuildFile; fileRef = ABD836591FAD24EB005788C7 /* DGActivityIndicatorLineScaleAnimation.m */; };
		ABD8368C1FAD24EB005788C7 /* DGActivityIndicatorLineScalePartyAnimation.m in Sources */ = {isa = PBXBuildFile; fileRef = ABD8365B1FAD24EB005788C7 /* DGActivityIndicatorLineScalePartyAnimation.m */; };
		ABD8368D1FAD24EB005788C7 /* DGActivityIndicatorLineScalePulseOutAnimation.m in Sources */ = {isa = PBXBuildFile; fileRef = ABD8365D1FAD24EB005788C7 /* DGActivityIndicatorLineScalePulseOutAnimation.m */; };
		ABD8368E1FAD24EB005788C7 /* DGActivityIndicatorLineScalePulseOutRapidAnimation.m in Sources */ = {isa = PBXBuildFile; fileRef = ABD8365F1FAD24EB005788C7 /* DGActivityIndicatorLineScalePulseOutRapidAnimation.m */; };
		ABD8368F1FAD24EB005788C7 /* DGActivityIndicatorNineDotsAnimation.m in Sources */ = {isa = PBXBuildFile; fileRef = ABD836611FAD24EB005788C7 /* DGActivityIndicatorNineDotsAnimation.m */; };
		ABD836901FAD24EB005788C7 /* DGActivityIndicatorRotatingSandglassAnimation.m in Sources */ = {isa = PBXBuildFile; fileRef = ABD836631FAD24EB005788C7 /* DGActivityIndicatorRotatingSandglassAnimation.m */; };
		ABD836911FAD24EB005788C7 /* DGActivityIndicatorRotatingSquaresAnimation.m in Sources */ = {isa = PBXBuildFile; fileRef = ABD836651FAD24EB005788C7 /* DGActivityIndicatorRotatingSquaresAnimation.m */; };
		ABD836921FAD24EB005788C7 /* DGActivityIndicatorRotatingTrigonAnimation.m in Sources */ = {isa = PBXBuildFile; fileRef = ABD836671FAD24EB005788C7 /* DGActivityIndicatorRotatingTrigonAnimation.m */; };
		ABD836931FAD24EB005788C7 /* DGActivityIndicatorThreeDotsAnimation.m in Sources */ = {isa = PBXBuildFile; fileRef = ABD836691FAD24EB005788C7 /* DGActivityIndicatorThreeDotsAnimation.m */; };
		ABD836941FAD24EB005788C7 /* DGActivityIndicatorTriangleSkewSpinAnimation.m in Sources */ = {isa = PBXBuildFile; fileRef = ABD8366B1FAD24EB005788C7 /* DGActivityIndicatorTriangleSkewSpinAnimation.m */; };
		ABD836951FAD24EB005788C7 /* DGActivityIndicatorTriplePulseAnimation.m in Sources */ = {isa = PBXBuildFile; fileRef = ABD8366D1FAD24EB005788C7 /* DGActivityIndicatorTriplePulseAnimation.m */; };
		ABD836961FAD24EB005788C7 /* DGActivityIndicatorTripleRingsAnimation.m in Sources */ = {isa = PBXBuildFile; fileRef = ABD8366F1FAD24EB005788C7 /* DGActivityIndicatorTripleRingsAnimation.m */; };
		ABD836971FAD24EB005788C7 /* DGActivityIndicatorTwoDotsAnimation.m in Sources */ = {isa = PBXBuildFile; fileRef = ABD836711FAD24EB005788C7 /* DGActivityIndicatorTwoDotsAnimation.m */; };
		ABD836981FAD24EB005788C7 /* DGActivityIndicatorView.m in Sources */ = {isa = PBXBuildFile; fileRef = ABD836731FAD24EB005788C7 /* DGActivityIndicatorView.m */; };
		ABD836991FAD24EB005788C7 /* YBHud.m in Sources */ = {isa = PBXBuildFile; fileRef = ABD836751FAD24EB005788C7 /* YBHud.m */; };
		ABD8369C1FADBFD1005788C7 /* RegisteryManager.swift in Sources */ = {isa = PBXBuildFile; fileRef = ABD8369B1FADBFD1005788C7 /* RegisteryManager.swift */; };
		ABD8369E1FADC790005788C7 /* ParentViewController.swift in Sources */ = {isa = PBXBuildFile; fileRef = ABD8369D1FADC790005788C7 /* ParentViewController.swift */; };
		ABD836A01FADC89E005788C7 /* HomePresenter.swift in Sources */ = {isa = PBXBuildFile; fileRef = ABD8369F1FADC89E005788C7 /* HomePresenter.swift */; };
		ABD836A31FADC96C005788C7 /* Presenter.swift in Sources */ = {isa = PBXBuildFile; fileRef = ABD836A21FADC96C005788C7 /* Presenter.swift */; };
		ABD836A61FADCF3D005788C7 /* TheMovieDBApiManager.swift in Sources */ = {isa = PBXBuildFile; fileRef = ABD836A51FADCF3D005788C7 /* TheMovieDBApiManager.swift */; };
		ABD836A81FADCF8A005788C7 /* ApiUrlBuilder.swift in Sources */ = {isa = PBXBuildFile; fileRef = ABD836A71FADCF8A005788C7 /* ApiUrlBuilder.swift */; };
		ABD836AA1FADE182005788C7 /* Actor.swift in Sources */ = {isa = PBXBuildFile; fileRef = ABD836A91FADE182005788C7 /* Actor.swift */; };
		ABD836AC1FADE51D005788C7 /* ActorResponse.swift in Sources */ = {isa = PBXBuildFile; fileRef = ABD836AB1FADE51D005788C7 /* ActorResponse.swift */; };
		ABD836AE1FAE20AD005788C7 /* MoviesDBImageApi.swift in Sources */ = {isa = PBXBuildFile; fileRef = ABD836AD1FAE20AD005788C7 /* MoviesDBImageApi.swift */; };
/* End PBXBuildFile section */

/* Begin PBXFileReference section */
		31E3517081D393FF47C100BB /* Pods-The Movies DB.release.xcconfig */ = {isa = PBXFileReference; includeInIndex = 1; lastKnownFileType = text.xcconfig; name = "Pods-The Movies DB.release.xcconfig"; path = "Pods/Target Support Files/Pods-The Movies DB/Pods-The Movies DB.release.xcconfig"; sourceTree = "<group>"; };
		38954F5AB199A170A79AC319 /* Pods-The Movies DB.debug.xcconfig */ = {isa = PBXFileReference; includeInIndex = 1; lastKnownFileType = text.xcconfig; name = "Pods-The Movies DB.debug.xcconfig"; path = "Pods/Target Support Files/Pods-The Movies DB/Pods-The Movies DB.debug.xcconfig"; sourceTree = "<group>"; };
		8FC9D868226D295EAB0BFFFD /* Pods_The_Movies_DB.framework */ = {isa = PBXFileReference; explicitFileType = wrapper.framework; includeInIndex = 0; path = Pods_The_Movies_DB.framework; sourceTree = BUILT_PRODUCTS_DIR; };
		ABD836041FAD1902005788C7 /* The Movies DB.app */ = {isa = PBXFileReference; explicitFileType = wrapper.application; includeInIndex = 0; path = "The Movies DB.app"; sourceTree = BUILT_PRODUCTS_DIR; };
		ABD836071FAD1902005788C7 /* AppDelegate.swift */ = {isa = PBXFileReference; lastKnownFileType = sourcecode.swift; path = AppDelegate.swift; sourceTree = "<group>"; };
		ABD8360C1FAD1902005788C7 /* Base */ = {isa = PBXFileReference; lastKnownFileType = file.storyboard; name = Base; path = Base.lproj/Main.storyboard; sourceTree = "<group>"; };
		ABD8360E1FAD1902005788C7 /* Assets.xcassets */ = {isa = PBXFileReference; lastKnownFileType = folder.assetcatalog; path = Assets.xcassets; sourceTree = "<group>"; };
		ABD836111FAD1902005788C7 /* Base */ = {isa = PBXFileReference; lastKnownFileType = file.storyboard; name = Base; path = Base.lproj/LaunchScreen.storyboard; sourceTree = "<group>"; };
		ABD836131FAD1902005788C7 /* Info.plist */ = {isa = PBXFileReference; lastKnownFileType = text.plist.xml; path = Info.plist; sourceTree = "<group>"; };
		ABD836221FAD1C31005788C7 /* HomeViewController.swift */ = {isa = PBXFileReference; fileEncoding = 4; lastKnownFileType = sourcecode.swift; path = HomeViewController.swift; sourceTree = "<group>"; };
		ABD836251FAD2371005788C7 /* Constants.swift */ = {isa = PBXFileReference; fileEncoding = 4; lastKnownFileType = sourcecode.swift; path = Constants.swift; sourceTree = "<group>"; };
		ABD836281FAD23ED005788C7 /* The Movies DB-Bridging-Header.h */ = {isa = PBXFileReference; lastKnownFileType = sourcecode.c.h; path = "The Movies DB-Bridging-Header.h"; sourceTree = "<group>"; };
		ABD836291FAD23EE005788C7 /* Reachability.h */ = {isa = PBXFileReference; fileEncoding = 4; lastKnownFileType = sourcecode.c.h; path = Reachability.h; sourceTree = "<group>"; };
		ABD8362A1FAD23EE005788C7 /* Reachability.m */ = {isa = PBXFileReference; fileEncoding = 4; lastKnownFileType = sourcecode.c.objc; path = Reachability.m; sourceTree = "<group>"; };
		ABD8362D1FAD24EA005788C7 /* DGActivityIndicatorAnimation.h */ = {isa = PBXFileReference; fileEncoding = 4; lastKnownFileType = sourcecode.c.h; path = DGActivityIndicatorAnimation.h; sourceTree = "<group>"; };
		ABD8362E1FAD24EA005788C7 /* DGActivityIndicatorAnimation.m */ = {isa = PBXFileReference; fileEncoding = 4; lastKnownFileType = sourcecode.c.objc; path = DGActivityIndicatorAnimation.m; sourceTree = "<group>"; };
		ABD8362F1FAD24EA005788C7 /* DGActivityIndicatorAnimationProtocol.h */ = {isa = PBXFileReference; fileEncoding = 4; lastKnownFileType = sourcecode.c.h; path = DGActivityIndicatorAnimationProtocol.h; sourceTree = "<group>"; };
		ABD836301FAD24EA005788C7 /* DGActivityIndicatorBallBeatAnimation.h */ = {isa = PBXFileReference; fileEncoding = 4; lastKnownFileType = sourcecode.c.h; path = DGActivityIndicatorBallBeatAnimation.h; sourceTree = "<group>"; };
		ABD836311FAD24EA005788C7 /* DGActivityIndicatorBallBeatAnimation.m */ = {isa = PBXFileReference; fileEncoding = 4; lastKnownFileType = sourcecode.c.objc; path = DGActivityIndicatorBallBeatAnimation.m; sourceTree = "<group>"; };
		ABD836321FAD24EA005788C7 /* DGActivityIndicatorBallClipRotateAnimation.h */ = {isa = PBXFileReference; fileEncoding = 4; lastKnownFileType = sourcecode.c.h; path = DGActivityIndicatorBallClipRotateAnimation.h; sourceTree = "<group>"; };
		ABD836331FAD24EA005788C7 /* DGActivityIndicatorBallClipRotateAnimation.m */ = {isa = PBXFileReference; fileEncoding = 4; lastKnownFileType = sourcecode.c.objc; path = DGActivityIndicatorBallClipRotateAnimation.m; sourceTree = "<group>"; };
		ABD836341FAD24EA005788C7 /* DGActivityIndicatorBallClipRotateMultipleAnimation.h */ = {isa = PBXFileReference; fileEncoding = 4; lastKnownFileType = sourcecode.c.h; path = DGActivityIndicatorBallClipRotateMultipleAnimation.h; sourceTree = "<group>"; };
		ABD836351FAD24EA005788C7 /* DGActivityIndicatorBallClipRotateMultipleAnimation.m */ = {isa = PBXFileReference; fileEncoding = 4; lastKnownFileType = sourcecode.c.objc; path = DGActivityIndicatorBallClipRotateMultipleAnimation.m; sourceTree = "<group>"; };
		ABD836361FAD24EA005788C7 /* DGActivityIndicatorBallClipRotatePulseAnimation.h */ = {isa = PBXFileReference; fileEncoding = 4; lastKnownFileType = sourcecode.c.h; path = DGActivityIndicatorBallClipRotatePulseAnimation.h; sourceTree = "<group>"; };
		ABD836371FAD24EA005788C7 /* DGActivityIndicatorBallClipRotatePulseAnimation.m */ = {isa = PBXFileReference; fileEncoding = 4; lastKnownFileType = sourcecode.c.objc; path = DGActivityIndicatorBallClipRotatePulseAnimation.m; sourceTree = "<group>"; };
		ABD836381FAD24EA005788C7 /* DGActivityIndicatorBallGridBeatAnimation.h */ = {isa = PBXFileReference; fileEncoding = 4; lastKnownFileType = sourcecode.c.h; path = DGActivityIndicatorBallGridBeatAnimation.h; sourceTree = "<group>"; };
		ABD836391FAD24EA005788C7 /* DGActivityIndicatorBallGridBeatAnimation.m */ = {isa = PBXFileReference; fileEncoding = 4; lastKnownFileType = sourcecode.c.objc; path = DGActivityIndicatorBallGridBeatAnimation.m; sourceTree = "<group>"; };
		ABD8363A1FAD24EA005788C7 /* DGActivityIndicatorBallGridPulseAnimation.h */ = {isa = PBXFileReference; fileEncoding = 4; lastKnownFileType = sourcecode.c.h; path = DGActivityIndicatorBallGridPulseAnimation.h; sourceTree = "<group>"; };
		ABD8363B1FAD24EA005788C7 /* DGActivityIndicatorBallGridPulseAnimation.m */ = {isa = PBXFileReference; fileEncoding = 4; lastKnownFileType = sourcecode.c.objc; path = DGActivityIndicatorBallGridPulseAnimation.m; sourceTree = "<group>"; };
		ABD8363C1FAD24EA005788C7 /* DGActivityIndicatorBallPulseAnimation.h */ = {isa = PBXFileReference; fileEncoding = 4; lastKnownFileType = sourcecode.c.h; path = DGActivityIndicatorBallPulseAnimation.h; sourceTree = "<group>"; };
		ABD8363D1FAD24EA005788C7 /* DGActivityIndicatorBallPulseAnimation.m */ = {isa = PBXFileReference; fileEncoding = 4; lastKnownFileType = sourcecode.c.objc; path = DGActivityIndicatorBallPulseAnimation.m; sourceTree = "<group>"; };
		ABD8363E1FAD24EA005788C7 /* DGActivityIndicatorBallPulseSyncAnimation.h */ = {isa = PBXFileReference; fileEncoding = 4; lastKnownFileType = sourcecode.c.h; path = DGActivityIndicatorBallPulseSyncAnimation.h; sourceTree = "<group>"; };
		ABD8363F1FAD24EA005788C7 /* DGActivityIndicatorBallPulseSyncAnimation.m */ = {isa = PBXFileReference; fileEncoding = 4; lastKnownFileType = sourcecode.c.objc; path = DGActivityIndicatorBallPulseSyncAnimation.m; sourceTree = "<group>"; };
		ABD836401FAD24EA005788C7 /* DGActivityIndicatorBallRotateAnimation.h */ = {isa = PBXFileReference; fileEncoding = 4; lastKnownFileType = sourcecode.c.h; path = DGActivityIndicatorBallRotateAnimation.h; sourceTree = "<group>"; };
		ABD836411FAD24EA005788C7 /* DGActivityIndicatorBallRotateAnimation.m */ = {isa = PBXFileReference; fileEncoding = 4; lastKnownFileType = sourcecode.c.objc; path = DGActivityIndicatorBallRotateAnimation.m; sourceTree = "<group>"; };
		ABD836421FAD24EA005788C7 /* DGActivityIndicatorBallScaleAnimation.h */ = {isa = PBXFileReference; fileEncoding = 4; lastKnownFileType = sourcecode.c.h; path = DGActivityIndicatorBallScaleAnimation.h; sourceTree = "<group>"; };
		ABD836431FAD24EA005788C7 /* DGActivityIndicatorBallScaleAnimation.m */ = {isa = PBXFileReference; fileEncoding = 4; lastKnownFileType = sourcecode.c.objc; path = DGActivityIndicatorBallScaleAnimation.m; sourceTree = "<group>"; };
		ABD836441FAD24EA005788C7 /* DGActivityIndicatorBallScaleMultipleAnimation.h */ = {isa = PBXFileReference; fileEncoding = 4; lastKnownFileType = sourcecode.c.h; path = DGActivityIndicatorBallScaleMultipleAnimation.h; sourceTree = "<group>"; };
		ABD836451FAD24EA005788C7 /* DGActivityIndicatorBallScaleMultipleAnimation.m */ = {isa = PBXFileReference; fileEncoding = 4; lastKnownFileType = sourcecode.c.objc; path = DGActivityIndicatorBallScaleMultipleAnimation.m; sourceTree = "<group>"; };
		ABD836461FAD24EA005788C7 /* DGActivityIndicatorBallScaleRippleAnimation.h */ = {isa = PBXFileReference; fileEncoding = 4; lastKnownFileType = sourcecode.c.h; path = DGActivityIndicatorBallScaleRippleAnimation.h; sourceTree = "<group>"; };
		ABD836471FAD24EA005788C7 /* DGActivityIndicatorBallScaleRippleAnimation.m */ = {isa = PBXFileReference; fileEncoding = 4; lastKnownFileType = sourcecode.c.objc; path = DGActivityIndicatorBallScaleRippleAnimation.m; sourceTree = "<group>"; };
		ABD836481FAD24EA005788C7 /* DGActivityIndicatorBallScaleRippleMultipleAnimation.h */ = {isa = PBXFileReference; fileEncoding = 4; lastKnownFileType = sourcecode.c.h; path = DGActivityIndicatorBallScaleRippleMultipleAnimation.h; sourceTree = "<group>"; };
		ABD836491FAD24EA005788C7 /* DGActivityIndicatorBallScaleRippleMultipleAnimation.m */ = {isa = PBXFileReference; fileEncoding = 4; lastKnownFileType = sourcecode.c.objc; path = DGActivityIndicatorBallScaleRippleMultipleAnimation.m; sourceTree = "<group>"; };
		ABD8364A1FAD24EA005788C7 /* DGActivityIndicatorBallSpinFadeLoader.h */ = {isa = PBXFileReference; fileEncoding = 4; lastKnownFileType = sourcecode.c.h; path = DGActivityIndicatorBallSpinFadeLoader.h; sourceTree = "<group>"; };
		ABD8364B1FAD24EA005788C7 /* DGActivityIndicatorBallSpinFadeLoader.m */ = {isa = PBXFileReference; fileEncoding = 4; lastKnownFileType = sourcecode.c.objc; path = DGActivityIndicatorBallSpinFadeLoader.m; sourceTree = "<group>"; };
		ABD8364C1FAD24EA005788C7 /* DGActivityIndicatorBallTrianglePathAnimation.h */ = {isa = PBXFileReference; fileEncoding = 4; lastKnownFileType = sourcecode.c.h; path = DGActivityIndicatorBallTrianglePathAnimation.h; sourceTree = "<group>"; };
		ABD8364D1FAD24EA005788C7 /* DGActivityIndicatorBallTrianglePathAnimation.m */ = {isa = PBXFileReference; fileEncoding = 4; lastKnownFileType = sourcecode.c.objc; path = DGActivityIndicatorBallTrianglePathAnimation.m; sourceTree = "<group>"; };
		ABD8364E1FAD24EA005788C7 /* DGActivityIndicatorBallZigZagAnimation.h */ = {isa = PBXFileReference; fileEncoding = 4; lastKnownFileType = sourcecode.c.h; path = DGActivityIndicatorBallZigZagAnimation.h; sourceTree = "<group>"; };
		ABD8364F1FAD24EA005788C7 /* DGActivityIndicatorBallZigZagAnimation.m */ = {isa = PBXFileReference; fileEncoding = 4; lastKnownFileType = sourcecode.c.objc; path = DGActivityIndicatorBallZigZagAnimation.m; sourceTree = "<group>"; };
		ABD836501FAD24EA005788C7 /* DGActivityIndicatorBallZigZagDeflectAnimation.h */ = {isa = PBXFileReference; fileEncoding = 4; lastKnownFileType = sourcecode.c.h; path = DGActivityIndicatorBallZigZagDeflectAnimation.h; sourceTree = "<group>"; };
		ABD836511FAD24EA005788C7 /* DGActivityIndicatorBallZigZagDeflectAnimation.m */ = {isa = PBXFileReference; fileEncoding = 4; lastKnownFileType = sourcecode.c.objc; path = DGActivityIndicatorBallZigZagDeflectAnimation.m; sourceTree = "<group>"; };
		ABD836521FAD24EA005788C7 /* DGActivityIndicatorCookieTerminatorAnimation.h */ = {isa = PBXFileReference; fileEncoding = 4; lastKnownFileType = sourcecode.c.h; path = DGActivityIndicatorCookieTerminatorAnimation.h; sourceTree = "<group>"; };
		ABD836531FAD24EA005788C7 /* DGActivityIndicatorCookieTerminatorAnimation.m */ = {isa = PBXFileReference; fileEncoding = 4; lastKnownFileType = sourcecode.c.objc; path = DGActivityIndicatorCookieTerminatorAnimation.m; sourceTree = "<group>"; };
		ABD836541FAD24EA005788C7 /* DGActivityIndicatorDoubleBounceAnimation.h */ = {isa = PBXFileReference; fileEncoding = 4; lastKnownFileType = sourcecode.c.h; path = DGActivityIndicatorDoubleBounceAnimation.h; sourceTree = "<group>"; };
		ABD836551FAD24EA005788C7 /* DGActivityIndicatorDoubleBounceAnimation.m */ = {isa = PBXFileReference; fileEncoding = 4; lastKnownFileType = sourcecode.c.objc; path = DGActivityIndicatorDoubleBounceAnimation.m; sourceTree = "<group>"; };
		ABD836561FAD24EA005788C7 /* DGActivityIndicatorFiveDotsAnimation.h */ = {isa = PBXFileReference; fileEncoding = 4; lastKnownFileType = sourcecode.c.h; path = DGActivityIndicatorFiveDotsAnimation.h; sourceTree = "<group>"; };
		ABD836571FAD24EA005788C7 /* DGActivityIndicatorFiveDotsAnimation.m */ = {isa = PBXFileReference; fileEncoding = 4; lastKnownFileType = sourcecode.c.objc; path = DGActivityIndicatorFiveDotsAnimation.m; sourceTree = "<group>"; };
		ABD836581FAD24EA005788C7 /* DGActivityIndicatorLineScaleAnimation.h */ = {isa = PBXFileReference; fileEncoding = 4; lastKnownFileType = sourcecode.c.h; path = DGActivityIndicatorLineScaleAnimation.h; sourceTree = "<group>"; };
		ABD836591FAD24EB005788C7 /* DGActivityIndicatorLineScaleAnimation.m */ = {isa = PBXFileReference; fileEncoding = 4; lastKnownFileType = sourcecode.c.objc; path = DGActivityIndicatorLineScaleAnimation.m; sourceTree = "<group>"; };
		ABD8365A1FAD24EB005788C7 /* DGActivityIndicatorLineScalePartyAnimation.h */ = {isa = PBXFileReference; fileEncoding = 4; lastKnownFileType = sourcecode.c.h; path = DGActivityIndicatorLineScalePartyAnimation.h; sourceTree = "<group>"; };
		ABD8365B1FAD24EB005788C7 /* DGActivityIndicatorLineScalePartyAnimation.m */ = {isa = PBXFileReference; fileEncoding = 4; lastKnownFileType = sourcecode.c.objc; path = DGActivityIndicatorLineScalePartyAnimation.m; sourceTree = "<group>"; };
		ABD8365C1FAD24EB005788C7 /* DGActivityIndicatorLineScalePulseOutAnimation.h */ = {isa = PBXFileReference; fileEncoding = 4; lastKnownFileType = sourcecode.c.h; path = DGActivityIndicatorLineScalePulseOutAnimation.h; sourceTree = "<group>"; };
		ABD8365D1FAD24EB005788C7 /* DGActivityIndicatorLineScalePulseOutAnimation.m */ = {isa = PBXFileReference; fileEncoding = 4; lastKnownFileType = sourcecode.c.objc; path = DGActivityIndicatorLineScalePulseOutAnimation.m; sourceTree = "<group>"; };
		ABD8365E1FAD24EB005788C7 /* DGActivityIndicatorLineScalePulseOutRapidAnimation.h */ = {isa = PBXFileReference; fileEncoding = 4; lastKnownFileType = sourcecode.c.h; path = DGActivityIndicatorLineScalePulseOutRapidAnimation.h; sourceTree = "<group>"; };
		ABD8365F1FAD24EB005788C7 /* DGActivityIndicatorLineScalePulseOutRapidAnimation.m */ = {isa = PBXFileReference; fileEncoding = 4; lastKnownFileType = sourcecode.c.objc; path = DGActivityIndicatorLineScalePulseOutRapidAnimation.m; sourceTree = "<group>"; };
		ABD836601FAD24EB005788C7 /* DGActivityIndicatorNineDotsAnimation.h */ = {isa = PBXFileReference; fileEncoding = 4; lastKnownFileType = sourcecode.c.h; path = DGActivityIndicatorNineDotsAnimation.h; sourceTree = "<group>"; };
		ABD836611FAD24EB005788C7 /* DGActivityIndicatorNineDotsAnimation.m */ = {isa = PBXFileReference; fileEncoding = 4; lastKnownFileType = sourcecode.c.objc; path = DGActivityIndicatorNineDotsAnimation.m; sourceTree = "<group>"; };
		ABD836621FAD24EB005788C7 /* DGActivityIndicatorRotatingSandglassAnimation.h */ = {isa = PBXFileReference; fileEncoding = 4; lastKnownFileType = sourcecode.c.h; path = DGActivityIndicatorRotatingSandglassAnimation.h; sourceTree = "<group>"; };
		ABD836631FAD24EB005788C7 /* DGActivityIndicatorRotatingSandglassAnimation.m */ = {isa = PBXFileReference; fileEncoding = 4; lastKnownFileType = sourcecode.c.objc; path = DGActivityIndicatorRotatingSandglassAnimation.m; sourceTree = "<group>"; };
		ABD836641FAD24EB005788C7 /* DGActivityIndicatorRotatingSquaresAnimation.h */ = {isa = PBXFileReference; fileEncoding = 4; lastKnownFileType = sourcecode.c.h; path = DGActivityIndicatorRotatingSquaresAnimation.h; sourceTree = "<group>"; };
		ABD836651FAD24EB005788C7 /* DGActivityIndicatorRotatingSquaresAnimation.m */ = {isa = PBXFileReference; fileEncoding = 4; lastKnownFileType = sourcecode.c.objc; path = DGActivityIndicatorRotatingSquaresAnimation.m; sourceTree = "<group>"; };
		ABD836661FAD24EB005788C7 /* DGActivityIndicatorRotatingTrigonAnimation.h */ = {isa = PBXFileReference; fileEncoding = 4; lastKnownFileType = sourcecode.c.h; path = DGActivityIndicatorRotatingTrigonAnimation.h; sourceTree = "<group>"; };
		ABD836671FAD24EB005788C7 /* DGActivityIndicatorRotatingTrigonAnimation.m */ = {isa = PBXFileReference; fileEncoding = 4; lastKnownFileType = sourcecode.c.objc; path = DGActivityIndicatorRotatingTrigonAnimation.m; sourceTree = "<group>"; };
		ABD836681FAD24EB005788C7 /* DGActivityIndicatorThreeDotsAnimation.h */ = {isa = PBXFileReference; fileEncoding = 4; lastKnownFileType = sourcecode.c.h; path = DGActivityIndicatorThreeDotsAnimation.h; sourceTree = "<group>"; };
		ABD836691FAD24EB005788C7 /* DGActivityIndicatorThreeDotsAnimation.m */ = {isa = PBXFileReference; fileEncoding = 4; lastKnownFileType = sourcecode.c.objc; path = DGActivityIndicatorThreeDotsAnimation.m; sourceTree = "<group>"; };
		ABD8366A1FAD24EB005788C7 /* DGActivityIndicatorTriangleSkewSpinAnimation.h */ = {isa = PBXFileReference; fileEncoding = 4; lastKnownFileType = sourcecode.c.h; path = DGActivityIndicatorTriangleSkewSpinAnimation.h; sourceTree = "<group>"; };
		ABD8366B1FAD24EB005788C7 /* DGActivityIndicatorTriangleSkewSpinAnimation.m */ = {isa = PBXFileReference; fileEncoding = 4; lastKnownFileType = sourcecode.c.objc; path = DGActivityIndicatorTriangleSkewSpinAnimation.m; sourceTree = "<group>"; };
		ABD8366C1FAD24EB005788C7 /* DGActivityIndicatorTriplePulseAnimation.h */ = {isa = PBXFileReference; fileEncoding = 4; lastKnownFileType = sourcecode.c.h; path = DGActivityIndicatorTriplePulseAnimation.h; sourceTree = "<group>"; };
		ABD8366D1FAD24EB005788C7 /* DGActivityIndicatorTriplePulseAnimation.m */ = {isa = PBXFileReference; fileEncoding = 4; lastKnownFileType = sourcecode.c.objc; path = DGActivityIndicatorTriplePulseAnimation.m; sourceTree = "<group>"; };
		ABD8366E1FAD24EB005788C7 /* DGActivityIndicatorTripleRingsAnimation.h */ = {isa = PBXFileReference; fileEncoding = 4; lastKnownFileType = sourcecode.c.h; path = DGActivityIndicatorTripleRingsAnimation.h; sourceTree = "<group>"; };
		ABD8366F1FAD24EB005788C7 /* DGActivityIndicatorTripleRingsAnimation.m */ = {isa = PBXFileReference; fileEncoding = 4; lastKnownFileType = sourcecode.c.objc; path = DGActivityIndicatorTripleRingsAnimation.m; sourceTree = "<group>"; };
		ABD836701FAD24EB005788C7 /* DGActivityIndicatorTwoDotsAnimation.h */ = {isa = PBXFileReference; fileEncoding = 4; lastKnownFileType = sourcecode.c.h; path = DGActivityIndicatorTwoDotsAnimation.h; sourceTree = "<group>"; };
		ABD836711FAD24EB005788C7 /* DGActivityIndicatorTwoDotsAnimation.m */ = {isa = PBXFileReference; fileEncoding = 4; lastKnownFileType = sourcecode.c.objc; path = DGActivityIndicatorTwoDotsAnimation.m; sourceTree = "<group>"; };
		ABD836721FAD24EB005788C7 /* DGActivityIndicatorView.h */ = {isa = PBXFileReference; fileEncoding = 4; lastKnownFileType = sourcecode.c.h; path = DGActivityIndicatorView.h; sourceTree = "<group>"; };
		ABD836731FAD24EB005788C7 /* DGActivityIndicatorView.m */ = {isa = PBXFileReference; fileEncoding = 4; lastKnownFileType = sourcecode.c.objc; path = DGActivityIndicatorView.m; sourceTree = "<group>"; };
		ABD836741FAD24EB005788C7 /* YBHud.h */ = {isa = PBXFileReference; fileEncoding = 4; lastKnownFileType = sourcecode.c.h; path = YBHud.h; sourceTree = "<group>"; };
		ABD836751FAD24EB005788C7 /* YBHud.m */ = {isa = PBXFileReference; fileEncoding = 4; lastKnownFileType = sourcecode.c.objc; path = YBHud.m; sourceTree = "<group>"; };
		ABD8369B1FADBFD1005788C7 /* RegisteryManager.swift */ = {isa = PBXFileReference; fileEncoding = 4; lastKnownFileType = sourcecode.swift; path = RegisteryManager.swift; sourceTree = "<group>"; };
		ABD8369D1FADC790005788C7 /* ParentViewController.swift */ = {isa = PBXFileReference; fileEncoding = 4; lastKnownFileType = sourcecode.swift; path = ParentViewController.swift; sourceTree = "<group>"; };
		ABD8369F1FADC89E005788C7 /* HomePresenter.swift */ = {isa = PBXFileReference; fileEncoding = 4; lastKnownFileType = sourcecode.swift; path = HomePresenter.swift; sourceTree = "<group>"; };
		ABD836A21FADC96C005788C7 /* Presenter.swift */ = {isa = PBXFileReference; fileEncoding = 4; lastKnownFileType = sourcecode.swift; path = Presenter.swift; sourceTree = "<group>"; };
		ABD836A51FADCF3D005788C7 /* TheMovieDBApiManager.swift */ = {isa = PBXFileReference; fileEncoding = 4; lastKnownFileType = sourcecode.swift; path = TheMovieDBApiManager.swift; sourceTree = "<group>"; };
		ABD836A71FADCF8A005788C7 /* ApiUrlBuilder.swift */ = {isa = PBXFileReference; fileEncoding = 4; lastKnownFileType = sourcecode.swift; path = ApiUrlBuilder.swift; sourceTree = "<group>"; };
		ABD836A91FADE182005788C7 /* Actor.swift */ = {isa = PBXFileReference; fileEncoding = 4; lastKnownFileType = sourcecode.swift; path = Actor.swift; sourceTree = "<group>"; };
		ABD836AB1FADE51D005788C7 /* ActorResponse.swift */ = {isa = PBXFileReference; fileEncoding = 4; lastKnownFileType = sourcecode.swift; path = ActorResponse.swift; sourceTree = "<group>"; };
		ABD836AD1FAE20AD005788C7 /* MoviesDBImageApi.swift */ = {isa = PBXFileReference; fileEncoding = 4; lastKnownFileType = sourcecode.swift; path = MoviesDBImageApi.swift; sourceTree = "<group>"; };
/* End PBXFileReference section */

/* Begin PBXFrameworksBuildPhase section */
		ABD836011FAD1902005788C7 /* Frameworks */ = {
			isa = PBXFrameworksBuildPhase;
			buildActionMask = 2147483647;
			files = (
				36783C9929C79023ABE6D67D /* Pods_The_Movies_DB.framework in Frameworks */,
			);
			runOnlyForDeploymentPostprocessing = 0;
		};
/* End PBXFrameworksBuildPhase section */

/* Begin PBXGroup section */
		989D333085DBD651E09023F6 /* Frameworks */ = {
			isa = PBXGroup;
			children = (
				8FC9D868226D295EAB0BFFFD /* Pods_The_Movies_DB.framework */,
			);
			name = Frameworks;
			sourceTree = "<group>";
		};
		ABD835FB1FAD1902005788C7 = {
			isa = PBXGroup;
			children = (
				ABD836061FAD1902005788C7 /* The Movies DB */,
				ABD836051FAD1902005788C7 /* Products */,
				ECAD291369D14D4652CEE706 /* Pods */,
				989D333085DBD651E09023F6 /* Frameworks */,
			);
			sourceTree = "<group>";
		};
		ABD836051FAD1902005788C7 /* Products */ = {
			isa = PBXGroup;
			children = (
				ABD836041FAD1902005788C7 /* The Movies DB.app */,
			);
			name = Products;
			sourceTree = "<group>";
		};
		ABD836061FAD1902005788C7 /* The Movies DB */ = {
			isa = PBXGroup;
			children = (
				ABD836281FAD23ED005788C7 /* The Movies DB-Bridging-Header.h */,
				ABD836241FAD235A005788C7 /* Utils */,
				ABD836211FAD1C08005788C7 /* Home */,
				ABD836201FAD1BD2005788C7 /* model */,
				ABD8361F1FAD1BC6005788C7 /* view */,
				ABD836071FAD1902005788C7 /* AppDelegate.swift */,
				ABD8360B1FAD1902005788C7 /* Main.storyboard */,
				ABD8360E1FAD1902005788C7 /* Assets.xcassets */,
				ABD836101FAD1902005788C7 /* LaunchScreen.storyboard */,
				ABD836131FAD1902005788C7 /* Info.plist */,
			);
			path = "The Movies DB";
			sourceTree = "<group>";
		};
		ABD8361F1FAD1BC6005788C7 /* view */ = {
			isa = PBXGroup;
			children = (
				ABD8362C1FAD242C005788C7 /* UIProgressIndecator */,
				ABD8369D1FADC790005788C7 /* ParentViewController.swift */,
			);
			name = view;
			sourceTree = "<group>";
		};
		ABD836201FAD1BD2005788C7 /* model */ = {
			isa = PBXGroup;
			children = (
				ABD836A91FADE182005788C7 /* Actor.swift */,
			);
			name = model;
			sourceTree = "<group>";
		};
		ABD836211FAD1C08005788C7 /* Home */ = {
			isa = PBXGroup;
			children = (
				ABD836221FAD1C31005788C7 /* HomeViewController.swift */,
				ABD8369F1FADC89E005788C7 /* HomePresenter.swift */,
			);
			name = Home;
			sourceTree = "<group>";
		};
		ABD836241FAD235A005788C7 /* Utils */ = {
			isa = PBXGroup;
			children = (
				ABD836A41FADCE25005788C7 /* TheMovieDBApi */,
				ABD836A11FADC953005788C7 /* Presenter */,
				ABD8369A1FADBFB0005788C7 /* RegisteryComponant */,
				ABD836271FAD23CA005788C7 /* Reachability */,
				ABD836251FAD2371005788C7 /* Constants.swift */,
			);
			name = Utils;
			sourceTree = "<group>";
		};
		ABD836271FAD23CA005788C7 /* Reachability */ = {
			isa = PBXGroup;
			children = (
				ABD836291FAD23EE005788C7 /* Reachability.h */,
				ABD8362A1FAD23EE005788C7 /* Reachability.m */,
			);
			name = Reachability;
			sourceTree = "<group>";
		};
		ABD8362C1FAD242C005788C7 /* UIProgressIndecator */ = {
			isa = PBXGroup;
			children = (
				ABD8362D1FAD24EA005788C7 /* DGActivityIndicatorAnimation.h */,
				ABD8362E1FAD24EA005788C7 /* DGActivityIndicatorAnimation.m */,
				ABD8362F1FAD24EA005788C7 /* DGActivityIndicatorAnimationProtocol.h */,
				ABD836301FAD24EA005788C7 /* DGActivityIndicatorBallBeatAnimation.h */,
				ABD836311FAD24EA005788C7 /* DGActivityIndicatorBallBeatAnimation.m */,
				ABD836321FAD24EA005788C7 /* DGActivityIndicatorBallClipRotateAnimation.h */,
				ABD836331FAD24EA005788C7 /* DGActivityIndicatorBallClipRotateAnimation.m */,
				ABD836341FAD24EA005788C7 /* DGActivityIndicatorBallClipRotateMultipleAnimation.h */,
				ABD836351FAD24EA005788C7 /* DGActivityIndicatorBallClipRotateMultipleAnimation.m */,
				ABD836361FAD24EA005788C7 /* DGActivityIndicatorBallClipRotatePulseAnimation.h */,
				ABD836371FAD24EA005788C7 /* DGActivityIndicatorBallClipRotatePulseAnimation.m */,
				ABD836381FAD24EA005788C7 /* DGActivityIndicatorBallGridBeatAnimation.h */,
				ABD836391FAD24EA005788C7 /* DGActivityIndicatorBallGridBeatAnimation.m */,
				ABD8363A1FAD24EA005788C7 /* DGActivityIndicatorBallGridPulseAnimation.h */,
				ABD8363B1FAD24EA005788C7 /* DGActivityIndicatorBallGridPulseAnimation.m */,
				ABD8363C1FAD24EA005788C7 /* DGActivityIndicatorBallPulseAnimation.h */,
				ABD8363D1FAD24EA005788C7 /* DGActivityIndicatorBallPulseAnimation.m */,
				ABD8363E1FAD24EA005788C7 /* DGActivityIndicatorBallPulseSyncAnimation.h */,
				ABD8363F1FAD24EA005788C7 /* DGActivityIndicatorBallPulseSyncAnimation.m */,
				ABD836401FAD24EA005788C7 /* DGActivityIndicatorBallRotateAnimation.h */,
				ABD836411FAD24EA005788C7 /* DGActivityIndicatorBallRotateAnimation.m */,
				ABD836421FAD24EA005788C7 /* DGActivityIndicatorBallScaleAnimation.h */,
				ABD836431FAD24EA005788C7 /* DGActivityIndicatorBallScaleAnimation.m */,
				ABD836441FAD24EA005788C7 /* DGActivityIndicatorBallScaleMultipleAnimation.h */,
				ABD836451FAD24EA005788C7 /* DGActivityIndicatorBallScaleMultipleAnimation.m */,
				ABD836461FAD24EA005788C7 /* DGActivityIndicatorBallScaleRippleAnimation.h */,
				ABD836471FAD24EA005788C7 /* DGActivityIndicatorBallScaleRippleAnimation.m */,
				ABD836481FAD24EA005788C7 /* DGActivityIndicatorBallScaleRippleMultipleAnimation.h */,
				ABD836491FAD24EA005788C7 /* DGActivityIndicatorBallScaleRippleMultipleAnimation.m */,
				ABD8364A1FAD24EA005788C7 /* DGActivityIndicatorBallSpinFadeLoader.h */,
				ABD8364B1FAD24EA005788C7 /* DGActivityIndicatorBallSpinFadeLoader.m */,
				ABD8364C1FAD24EA005788C7 /* DGActivityIndicatorBallTrianglePathAnimation.h */,
				ABD8364D1FAD24EA005788C7 /* DGActivityIndicatorBallTrianglePathAnimation.m */,
				ABD8364E1FAD24EA005788C7 /* DGActivityIndicatorBallZigZagAnimation.h */,
				ABD8364F1FAD24EA005788C7 /* DGActivityIndicatorBallZigZagAnimation.m */,
				ABD836501FAD24EA005788C7 /* DGActivityIndicatorBallZigZagDeflectAnimation.h */,
				ABD836511FAD24EA005788C7 /* DGActivityIndicatorBallZigZagDeflectAnimation.m */,
				ABD836521FAD24EA005788C7 /* DGActivityIndicatorCookieTerminatorAnimation.h */,
				ABD836531FAD24EA005788C7 /* DGActivityIndicatorCookieTerminatorAnimation.m */,
				ABD836541FAD24EA005788C7 /* DGActivityIndicatorDoubleBounceAnimation.h */,
				ABD836551FAD24EA005788C7 /* DGActivityIndicatorDoubleBounceAnimation.m */,
				ABD836561FAD24EA005788C7 /* DGActivityIndicatorFiveDotsAnimation.h */,
				ABD836571FAD24EA005788C7 /* DGActivityIndicatorFiveDotsAnimation.m */,
				ABD836581FAD24EA005788C7 /* DGActivityIndicatorLineScaleAnimation.h */,
				ABD836591FAD24EB005788C7 /* DGActivityIndicatorLineScaleAnimation.m */,
				ABD8365A1FAD24EB005788C7 /* DGActivityIndicatorLineScalePartyAnimation.h */,
				ABD8365B1FAD24EB005788C7 /* DGActivityIndicatorLineScalePartyAnimation.m */,
				ABD8365C1FAD24EB005788C7 /* DGActivityIndicatorLineScalePulseOutAnimation.h */,
				ABD8365D1FAD24EB005788C7 /* DGActivityIndicatorLineScalePulseOutAnimation.m */,
				ABD8365E1FAD24EB005788C7 /* DGActivityIndicatorLineScalePulseOutRapidAnimation.h */,
				ABD8365F1FAD24EB005788C7 /* DGActivityIndicatorLineScalePulseOutRapidAnimation.m */,
				ABD836601FAD24EB005788C7 /* DGActivityIndicatorNineDotsAnimation.h */,
				ABD836611FAD24EB005788C7 /* DGActivityIndicatorNineDotsAnimation.m */,
				ABD836621FAD24EB005788C7 /* DGActivityIndicatorRotatingSandglassAnimation.h */,
				ABD836631FAD24EB005788C7 /* DGActivityIndicatorRotatingSandglassAnimation.m */,
				ABD836641FAD24EB005788C7 /* DGActivityIndicatorRotatingSquaresAnimation.h */,
				ABD836651FAD24EB005788C7 /* DGActivityIndicatorRotatingSquaresAnimation.m */,
				ABD836661FAD24EB005788C7 /* DGActivityIndicatorRotatingTrigonAnimation.h */,
				ABD836671FAD24EB005788C7 /* DGActivityIndicatorRotatingTrigonAnimation.m */,
				ABD836681FAD24EB005788C7 /* DGActivityIndicatorThreeDotsAnimation.h */,
				ABD836691FAD24EB005788C7 /* DGActivityIndicatorThreeDotsAnimation.m */,
				ABD8366A1FAD24EB005788C7 /* DGActivityIndicatorTriangleSkewSpinAnimation.h */,
				ABD8366B1FAD24EB005788C7 /* DGActivityIndicatorTriangleSkewSpinAnimation.m */,
				ABD8366C1FAD24EB005788C7 /* DGActivityIndicatorTriplePulseAnimation.h */,
				ABD8366D1FAD24EB005788C7 /* DGActivityIndicatorTriplePulseAnimation.m */,
				ABD8366E1FAD24EB005788C7 /* DGActivityIndicatorTripleRingsAnimation.h */,
				ABD8366F1FAD24EB005788C7 /* DGActivityIndicatorTripleRingsAnimation.m */,
				ABD836701FAD24EB005788C7 /* DGActivityIndicatorTwoDotsAnimation.h */,
				ABD836711FAD24EB005788C7 /* DGActivityIndicatorTwoDotsAnimation.m */,
				ABD836721FAD24EB005788C7 /* DGActivityIndicatorView.h */,
				ABD836731FAD24EB005788C7 /* DGActivityIndicatorView.m */,
				ABD836741FAD24EB005788C7 /* YBHud.h */,
				ABD836751FAD24EB005788C7 /* YBHud.m */,
			);
			name = UIProgressIndecator;
			sourceTree = "<group>";
		};
		ABD8369A1FADBFB0005788C7 /* RegisteryComponant */ = {
			isa = PBXGroup;
			children = (
				ABD8369B1FADBFD1005788C7 /* RegisteryManager.swift */,
			);
			name = RegisteryComponant;
			sourceTree = "<group>";
		};
		ABD836A11FADC953005788C7 /* Presenter */ = {
			isa = PBXGroup;
			children = (
				ABD836A21FADC96C005788C7 /* Presenter.swift */,
			);
			name = Presenter;
			sourceTree = "<group>";
		};
		ABD836A41FADCE25005788C7 /* TheMovieDBApi */ = {
			isa = PBXGroup;
			children = (
				ABD836A51FADCF3D005788C7 /* TheMovieDBApiManager.swift */,
				ABD836A71FADCF8A005788C7 /* ApiUrlBuilder.swift */,
				ABD836AB1FADE51D005788C7 /* ActorResponse.swift */,
				ABD836AD1FAE20AD005788C7 /* MoviesDBImageApi.swift */,
			);
			name = TheMovieDBApi;
			sourceTree = "<group>";
		};
		ECAD291369D14D4652CEE706 /* Pods */ = {
			isa = PBXGroup;
			children = (
				38954F5AB199A170A79AC319 /* Pods-The Movies DB.debug.xcconfig */,
				31E3517081D393FF47C100BB /* Pods-The Movies DB.release.xcconfig */,
			);
			name = Pods;
			sourceTree = "<group>";
		};
/* End PBXGroup section */

/* Begin PBXNativeTarget section */
		ABD836031FAD1902005788C7 /* The Movies DB */ = {
			isa = PBXNativeTarget;
			buildConfigurationList = ABD836161FAD1902005788C7 /* Build configuration list for PBXNativeTarget "The Movies DB" */;
			buildPhases = (
				A6DBE67240CD137E85A90785 /* [CP] Check Pods Manifest.lock */,
				ABD836001FAD1902005788C7 /* Sources */,
				ABD836011FAD1902005788C7 /* Frameworks */,
				ABD836021FAD1902005788C7 /* Resources */,
				16241EDECE5A329E814BCEFC /* [CP] Embed Pods Frameworks */,
				E014853C11311A9E5C022727 /* [CP] Copy Pods Resources */,
			);
			buildRules = (
			);
			dependencies = (
			);
			name = "The Movies DB";
			productName = "The Movies DB";
			productReference = ABD836041FAD1902005788C7 /* The Movies DB.app */;
			productType = "com.apple.product-type.application";
		};
/* End PBXNativeTarget section */

/* Begin PBXProject section */
		ABD835FC1FAD1902005788C7 /* Project object */ = {
			isa = PBXProject;
			attributes = {
				LastSwiftUpdateCheck = 0830;
				LastUpgradeCheck = 0830;
				ORGANIZATIONNAME = "Mohamed Salah";
				TargetAttributes = {
					ABD836031FAD1902005788C7 = {
						CreatedOnToolsVersion = 8.3.3;
						DevelopmentTeam = J83X3QNJRW;
						LastSwiftMigration = 0830;
						ProvisioningStyle = Automatic;
					};
				};
			};
			buildConfigurationList = ABD835FF1FAD1902005788C7 /* Build configuration list for PBXProject "The Movies DB" */;
			compatibilityVersion = "Xcode 3.2";
			developmentRegion = English;
			hasScannedForEncodings = 0;
			knownRegions = (
				en,
				Base,
			);
			mainGroup = ABD835FB1FAD1902005788C7;
			productRefGroup = ABD836051FAD1902005788C7 /* Products */;
			projectDirPath = "";
			projectRoot = "";
			targets = (
				ABD836031FAD1902005788C7 /* The Movies DB */,
			);
		};
/* End PBXProject section */

/* Begin PBXResourcesBuildPhase section */
		ABD836021FAD1902005788C7 /* Resources */ = {
			isa = PBXResourcesBuildPhase;
			buildActionMask = 2147483647;
			files = (
				ABD836121FAD1902005788C7 /* LaunchScreen.storyboard in Resources */,
				ABD8360F1FAD1902005788C7 /* Assets.xcassets in Resources */,
				ABD8360D1FAD1902005788C7 /* Main.storyboard in Resources */,
			);
			runOnlyForDeploymentPostprocessing = 0;
		};
/* End PBXResourcesBuildPhase section */

/* Begin PBXShellScriptBuildPhase section */
		16241EDECE5A329E814BCEFC /* [CP] Embed Pods Frameworks */ = {
			isa = PBXShellScriptBuildPhase;
			buildActionMask = 2147483647;
			files = (
			);
			inputPaths = (
				"${SRCROOT}/Pods/Target Support Files/Pods-The Movies DB/Pods-The Movies DB-frameworks.sh",
				"${BUILT_PRODUCTS_DIR}/Alamofire/Alamofire.framework",
				"${BUILT_PRODUCTS_DIR}/AlamofireImage/AlamofireImage.framework",
				"${BUILT_PRODUCTS_DIR}/AlamofireObjectMapper/AlamofireObjectMapper.framework",
				"${BUILT_PRODUCTS_DIR}/FLAnimatedImage/FLAnimatedImage.framework",
				"${BUILT_PRODUCTS_DIR}/ObjectMapper/ObjectMapper.framework",
				"${BUILT_PRODUCTS_DIR}/SDWebImage/SDWebImage.framework",
			);
			name = "[CP] Embed Pods Frameworks";
			outputPaths = (
				"${TARGET_BUILD_DIR}/${FRAMEWORKS_FOLDER_PATH}/Alamofire.framework",
				"${TARGET_BUILD_DIR}/${FRAMEWORKS_FOLDER_PATH}/AlamofireImage.framework",
				"${TARGET_BUILD_DIR}/${FRAMEWORKS_FOLDER_PATH}/AlamofireObjectMapper.framework",
				"${TARGET_BUILD_DIR}/${FRAMEWORKS_FOLDER_PATH}/FLAnimatedImage.framework",
				"${TARGET_BUILD_DIR}/${FRAMEWORKS_FOLDER_PATH}/ObjectMapper.framework",
				"${TARGET_BUILD_DIR}/${FRAMEWORKS_FOLDER_PATH}/SDWebImage.framework",
			);
			runOnlyForDeploymentPostprocessing = 0;
			shellPath = /bin/sh;
			shellScript = "\"${SRCROOT}/Pods/Target Support Files/Pods-The Movies DB/Pods-The Movies DB-frameworks.sh\"\n";
			showEnvVarsInLog = 0;
		};
		A6DBE67240CD137E85A90785 /* [CP] Check Pods Manifest.lock */ = {
			isa = PBXShellScriptBuildPhase;
			buildActionMask = 2147483647;
			files = (
			);
			inputPaths = (
				"${PODS_PODFILE_DIR_PATH}/Podfile.lock",
				"${PODS_ROOT}/Manifest.lock",
			);
			name = "[CP] Check Pods Manifest.lock";
			outputPaths = (
				"$(DERIVED_FILE_DIR)/Pods-The Movies DB-checkManifestLockResult.txt",
			);
			runOnlyForDeploymentPostprocessing = 0;
			shellPath = /bin/sh;
			shellScript = "diff \"${PODS_PODFILE_DIR_PATH}/Podfile.lock\" \"${PODS_ROOT}/Manifest.lock\" > /dev/null\nif [ $? != 0 ] ; then\n    # print error to STDERR\n    echo \"error: The sandbox is not in sync with the Podfile.lock. Run 'pod install' or update your CocoaPods installation.\" >&2\n    exit 1\nfi\n# This output is used by Xcode 'outputs' to avoid re-running this script phase.\necho \"SUCCESS\" > \"${SCRIPT_OUTPUT_FILE_0}\"\n";
			showEnvVarsInLog = 0;
		};
		E014853C11311A9E5C022727 /* [CP] Copy Pods Resources */ = {
			isa = PBXShellScriptBuildPhase;
			buildActionMask = 2147483647;
			files = (
			);
			inputPaths = (
			);
			name = "[CP] Copy Pods Resources";
			outputPaths = (
			);
			runOnlyForDeploymentPostprocessing = 0;
			shellPath = /bin/sh;
			shellScript = "\"${SRCROOT}/Pods/Target Support Files/Pods-The Movies DB/Pods-The Movies DB-resources.sh\"\n";
			showEnvVarsInLog = 0;
		};
/* End PBXShellScriptBuildPhase section */

/* Begin PBXSourcesBuildPhase section */
		ABD836001FAD1902005788C7 /* Sources */ = {
			isa = PBXSourcesBuildPhase;
			buildActionMask = 2147483647;
			files = (
				ABD836861FAD24EB005788C7 /* DGActivityIndicatorBallZigZagAnimation.m in Sources */,
				ABD836971FAD24EB005788C7 /* DGActivityIndicatorTwoDotsAnimation.m in Sources */,
				ABD8367F1FAD24EB005788C7 /* DGActivityIndicatorBallRotateAnimation.m in Sources */,
				ABD8367A1FAD24EB005788C7 /* DGActivityIndicatorBallClipRotatePulseAnimation.m in Sources */,
				ABD836AE1FAE20AD005788C7 /* MoviesDBImageApi.swift in Sources */,
				ABD8367C1FAD24EB005788C7 /* DGActivityIndicatorBallGridPulseAnimation.m in Sources */,
				ABD836801FAD24EB005788C7 /* DGActivityIndicatorBallScaleAnimation.m in Sources */,
				ABD836AC1FADE51D005788C7 /* ActorResponse.swift in Sources */,
				ABD836901FAD24EB005788C7 /* DGActivityIndicatorRotatingSandglassAnimation.m in Sources */,
				ABD836981FAD24EB005788C7 /* DGActivityIndicatorView.m in Sources */,
				ABD836851FAD24EB005788C7 /* DGActivityIndicatorBallTrianglePathAnimation.m in Sources */,
				ABD836881FAD24EB005788C7 /* DGActivityIndicatorCookieTerminatorAnimation.m in Sources */,
				ABD836081FAD1902005788C7 /* AppDelegate.swift in Sources */,
				ABD836911FAD24EB005788C7 /* DGActivityIndicatorRotatingSquaresAnimation.m in Sources */,
				ABD8368D1FAD24EB005788C7 /* DGActivityIndicatorLineScalePulseOutAnimation.m in Sources */,
				ABD836961FAD24EB005788C7 /* DGActivityIndicatorTripleRingsAnimation.m in Sources */,
				ABD836231FAD1C31005788C7 /* HomeViewController.swift in Sources */,
				ABD836AA1FADE182005788C7 /* Actor.swift in Sources */,
				ABD836941FAD24EB005788C7 /* DGActivityIndicatorTriangleSkewSpinAnimation.m in Sources */,
				ABD836891FAD24EB005788C7 /* DGActivityIndicatorDoubleBounceAnimation.m in Sources */,
				ABD836931FAD24EB005788C7 /* DGActivityIndicatorThreeDotsAnimation.m in Sources */,
				ABD836A61FADCF3D005788C7 /* TheMovieDBApiManager.swift in Sources */,
				ABD836791FAD24EB005788C7 /* DGActivityIndicatorBallClipRotateMultipleAnimation.m in Sources */,
				ABD8368B1FAD24EB005788C7 /* DGActivityIndicatorLineScaleAnimation.m in Sources */,
				ABD836781FAD24EB005788C7 /* DGActivityIndicatorBallClipRotateAnimation.m in Sources */,
				ABD836951FAD24EB005788C7 /* DGActivityIndicatorTriplePulseAnimation.m in Sources */,
				ABD8368F1FAD24EB005788C7 /* DGActivityIndicatorNineDotsAnimation.m in Sources */,
				ABD836841FAD24EB005788C7 /* DGActivityIndicatorBallSpinFadeLoader.m in Sources */,
				ABD8362B1FAD23EE005788C7 /* Reachability.m in Sources */,
				ABD836A81FADCF8A005788C7 /* ApiUrlBuilder.swift in Sources */,
				ABD8367E1FAD24EB005788C7 /* DGActivityIndicatorBallPulseSyncAnimation.m in Sources */,
				ABD836821FAD24EB005788C7 /* DGActivityIndicatorBallScaleRippleAnimation.m in Sources */,
				ABD836761FAD24EB005788C7 /* DGActivityIndicatorAnimation.m in Sources */,
				ABD8367B1FAD24EB005788C7 /* DGActivityIndicatorBallGridBeatAnimation.m in Sources */,
				ABD836921FAD24EB005788C7 /* DGActivityIndicatorRotatingTrigonAnimation.m in Sources */,
				ABD8368C1FAD24EB005788C7 /* DGActivityIndicatorLineScalePartyAnimation.m in Sources */,
				ABD836261FAD2371005788C7 /* Constants.swift in Sources */,
				ABD836831FAD24EB005788C7 /* DGActivityIndicatorBallScaleRippleMultipleAnimation.m in Sources */,
				ABD8368A1FAD24EB005788C7 /* DGActivityIndicatorFiveDotsAnimation.m in Sources */,
				ABD836A31FADC96C005788C7 /* Presenter.swift in Sources */,
				ABD836771FAD24EB005788C7 /* DGActivityIndicatorBallBeatAnimation.m in Sources */,
				ABD836811FAD24EB005788C7 /* DGActivityIndicatorBallScaleMultipleAnimation.m in Sources */,
				ABD8369C1FADBFD1005788C7 /* RegisteryManager.swift in Sources */,
				ABD8368E1FAD24EB005788C7 /* DGActivityIndicatorLineScalePulseOutRapidAnimation.m in Sources */,
				ABD836A01FADC89E005788C7 /* HomePresenter.swift in Sources */,
				ABD8369E1FADC790005788C7 /* ParentViewController.swift in Sources */,
				ABD8367D1FAD24EB005788C7 /* DGActivityIndicatorBallPulseAnimation.m in Sources */,
				ABD836991FAD24EB005788C7 /* YBHud.m in Sources */,
				ABD836871FAD24EB005788C7 /* DGActivityIndicatorBallZigZagDeflectAnimation.m in Sources */,
			);
			runOnlyForDeploymentPostprocessing = 0;
		};
/* End PBXSourcesBuildPhase section */

/* Begin PBXVariantGroup section */
		ABD8360B1FAD1902005788C7 /* Main.storyboard */ = {
			isa = PBXVariantGroup;
			children = (
				ABD8360C1FAD1902005788C7 /* Base */,
			);
			name = Main.storyboard;
			sourceTree = "<group>";
		};
		ABD836101FAD1902005788C7 /* LaunchScreen.storyboard */ = {
			isa = PBXVariantGroup;
			children = (
				ABD836111FAD1902005788C7 /* Base */,
			);
			name = LaunchScreen.storyboard;
			sourceTree = "<group>";
		};
/* End PBXVariantGroup section */

/* Begin XCBuildConfiguration section */
		ABD836141FAD1902005788C7 /* Debug */ = {
			isa = XCBuildConfiguration;
			buildSettings = {
				ALWAYS_SEARCH_USER_PATHS = NO;
				CLANG_ANALYZER_NONNULL = YES;
				CLANG_ANALYZER_NUMBER_OBJECT_CONVERSION = YES_AGGRESSIVE;
				CLANG_CXX_LANGUAGE_STANDARD = "gnu++0x";
				CLANG_CXX_LIBRARY = "libc++";
				CLANG_ENABLE_MODULES = YES;
				CLANG_ENABLE_OBJC_ARC = YES;
				CLANG_WARN_BOOL_CONVERSION = YES;
				CLANG_WARN_CONSTANT_CONVERSION = YES;
				CLANG_WARN_DIRECT_OBJC_ISA_USAGE = YES_ERROR;
				CLANG_WARN_DOCUMENTATION_COMMENTS = YES;
				CLANG_WARN_EMPTY_BODY = YES;
				CLANG_WARN_ENUM_CONVERSION = YES;
				CLANG_WARN_INFINITE_RECURSION = YES;
				CLANG_WARN_INT_CONVERSION = YES;
				CLANG_WARN_OBJC_ROOT_CLASS = YES_ERROR;
				CLANG_WARN_SUSPICIOUS_MOVE = YES;
				CLANG_WARN_UNREACHABLE_CODE = YES;
				CLANG_WARN__DUPLICATE_METHOD_MATCH = YES;
				"CODE_SIGN_IDENTITY[sdk=iphoneos*]" = "iPhone Developer";
				COPY_PHASE_STRIP = NO;
				DEBUG_INFORMATION_FORMAT = dwarf;
				ENABLE_STRICT_OBJC_MSGSEND = YES;
				ENABLE_TESTABILITY = YES;
				GCC_C_LANGUAGE_STANDARD = gnu99;
				GCC_DYNAMIC_NO_PIC = NO;
				GCC_NO_COMMON_BLOCKS = YES;
				GCC_OPTIMIZATION_LEVEL = 0;
				GCC_PREPROCESSOR_DEFINITIONS = (
					"DEBUG=1",
					"$(inherited)",
				);
				GCC_WARN_64_TO_32_BIT_CONVERSION = YES;
				GCC_WARN_ABOUT_RETURN_TYPE = YES_ERROR;
				GCC_WARN_UNDECLARED_SELECTOR = YES;
				GCC_WARN_UNINITIALIZED_AUTOS = YES_AGGRESSIVE;
				GCC_WARN_UNUSED_FUNCTION = YES;
				GCC_WARN_UNUSED_VARIABLE = YES;
				IPHONEOS_DEPLOYMENT_TARGET = 10.3;
				MTL_ENABLE_DEBUG_INFO = YES;
				ONLY_ACTIVE_ARCH = YES;
				SDKROOT = iphoneos;
				SWIFT_ACTIVE_COMPILATION_CONDITIONS = DEBUG;
				SWIFT_OPTIMIZATION_LEVEL = "-Onone";
			};
			name = Debug;
		};
		ABD836151FAD1902005788C7 /* Release */ = {
			isa = XCBuildConfiguration;
			buildSettings = {
				ALWAYS_SEARCH_USER_PATHS = NO;
				CLANG_ANALYZER_NONNULL = YES;
				CLANG_ANALYZER_NUMBER_OBJECT_CONVERSION = YES_AGGRESSIVE;
				CLANG_CXX_LANGUAGE_STANDARD = "gnu++0x";
				CLANG_CXX_LIBRARY = "libc++";
				CLANG_ENABLE_MODULES = YES;
				CLANG_ENABLE_OBJC_ARC = YES;
				CLANG_WARN_BOOL_CONVERSION = YES;
				CLANG_WARN_CONSTANT_CONVERSION = YES;
				CLANG_WARN_DIRECT_OBJC_ISA_USAGE = YES_ERROR;
				CLANG_WARN_DOCUMENTATION_COMMENTS = YES;
				CLANG_WARN_EMPTY_BODY = YES;
				CLANG_WARN_ENUM_CONVERSION = YES;
				CLANG_WARN_INFINITE_RECURSION = YES;
				CLANG_WARN_INT_CONVERSION = YES;
				CLANG_WARN_OBJC_ROOT_CLASS = YES_ERROR;
				CLANG_WARN_SUSPICIOUS_MOVE = YES;
				CLANG_WARN_UNREACHABLE_CODE = YES;
				CLANG_WARN__DUPLICATE_METHOD_MATCH = YES;
				"CODE_SIGN_IDENTITY[sdk=iphoneos*]" = "iPhone Developer";
				COPY_PHASE_STRIP = NO;
				DEBUG_INFORMATION_FORMAT = "dwarf-with-dsym";
				ENABLE_NS_ASSERTIONS = NO;
				ENABLE_STRICT_OBJC_MSGSEND = YES;
				GCC_C_LANGUAGE_STANDARD = gnu99;
				GCC_NO_COMMON_BLOCKS = YES;
				GCC_WARN_64_TO_32_BIT_CONVERSION = YES;
				GCC_WARN_ABOUT_RETURN_TYPE = YES_ERROR;
				GCC_WARN_UNDECLARED_SELECTOR = YES;
				GCC_WARN_UNINITIALIZED_AUTOS = YES_AGGRESSIVE;
				GCC_WARN_UNUSED_FUNCTION = YES;
				GCC_WARN_UNUSED_VARIABLE = YES;
				IPHONEOS_DEPLOYMENT_TARGET = 10.3;
				MTL_ENABLE_DEBUG_INFO = NO;
				SDKROOT = iphoneos;
				SWIFT_OPTIMIZATION_LEVEL = "-Owholemodule";
				VALIDATE_PRODUCT = YES;
			};
			name = Release;
		};
		ABD836171FAD1902005788C7 /* Debug */ = {
			isa = XCBuildConfiguration;
			baseConfigurationReference = 38954F5AB199A170A79AC319 /* Pods-The Movies DB.debug.xcconfig */;
			buildSettings = {
				ASSETCATALOG_COMPILER_APPICON_NAME = AppIcon;
				CLANG_ENABLE_MODULES = YES;
				DEVELOPMENT_TEAM = J83X3QNJRW;
				INFOPLIST_FILE = "The Movies DB/Info.plist";
				LD_RUNPATH_SEARCH_PATHS = "$(inherited) @executable_path/Frameworks";
				PRODUCT_BUNDLE_IDENTIFIER = "com.msalah.The-Movies-DB";
				PRODUCT_NAME = "$(TARGET_NAME)";
				SWIFT_OBJC_BRIDGING_HEADER = "The Movies DB/The Movies DB-Bridging-Header.h";
				SWIFT_OPTIMIZATION_LEVEL = "-Onone";
				SWIFT_VERSION = 3.0;
			};
			name = Debug;
		};
		ABD836181FAD1902005788C7 /* Release */ = {
			isa = XCBuildConfiguration;
			baseConfigurationReference = 31E3517081D393FF47C100BB /* Pods-The Movies DB.release.xcconfig */;
			buildSettings = {
				ASSETCATALOG_COMPILER_APPICON_NAME = AppIcon;
				CLANG_ENABLE_MODULES = YES;
				DEVELOPMENT_TEAM = J83X3QNJRW;
				INFOPLIST_FILE = "The Movies DB/Info.plist";
				LD_RUNPATH_SEARCH_PATHS = "$(inherited) @executable_path/Frameworks";
				PRODUCT_BUNDLE_IDENTIFIER = "com.msalah.The-Movies-DB";
				PRODUCT_NAME = "$(TARGET_NAME)";
				SWIFT_OBJC_BRIDGING_HEADER = "The Movies DB/The Movies DB-Bridging-Header.h";
				SWIFT_VERSION = 3.0;
			};
			name = Release;
		};
/* End XCBuildConfiguration section */

/* Begin XCConfigurationList section */
		ABD835FF1FAD1902005788C7 /* Build configuration list for PBXProject "The Movies DB" */ = {
			isa = XCConfigurationList;
			buildConfigurations = (
				ABD836141FAD1902005788C7 /* Debug */,
				ABD836151FAD1902005788C7 /* Release */,
			);
			defaultConfigurationIsVisible = 0;
			defaultConfigurationName = Release;
		};
		ABD836161FAD1902005788C7 /* Build configuration list for PBXNativeTarget "The Movies DB" */ = {
			isa = XCConfigurationList;
			buildConfigurations = (
				ABD836171FAD1902005788C7 /* Debug */,
				ABD836181FAD1902005788C7 /* Release */,
			);
			defaultConfigurationIsVisible = 0;
			defaultConfigurationName = Release;
		};
/* End XCConfigurationList section */
	};
	rootObject = ABD835FC1FAD1902005788C7 /* Project object */;
}
